# THIS IS AN AUTOGENERATED FILE. DO NOT EDIT THIS FILE DIRECTLY.
# yarn lockfile v1


"@types/node@^14.10.1":
  version "14.10.1"
  resolved "https://registry.npm.taobao.org/@types/node/download/@types/node-14.10.1.tgz?cache=0&sync_timestamp=1599841307326&other_urls=https%3A%2F%2Fregistry.npm.taobao.org%2F%40types%2Fnode%2Fdownload%2F%40types%2Fnode-14.10.1.tgz#cc323bad8e8a533d4822f45ce4e5326f36e42177"
  integrity sha1-zDI7rY6KUz1IIvRc5OUybzbkIXc=
